
Microsoft Visual Studio Solution File, Format Version 12.00
# Visual Studio Version 16
VisualStudioVersion = 16.0.810.20
MinimumVisualStudioVersion = 10.0.40219.1
Project("{FAE04EC0-301F-11D3-BF4B-00C04F79EFBC}") = "Galaxy", "Galaxy.csproj", "{9D88D977-D07D-4C88-9BBB-E0FAA2D89360}"
EndProject
Global
	GlobalSection(SolutionConfigurationPlatforms) = preSolution
		Debug|anycpu = Debug|anycpu
		Release|anycpu = Release|anycpu
	EndGlobalSection
	GlobalSection(ProjectConfigurationPlatforms) = postSolution
		{9D88D977-D07D-4C88-9BBB-E0FAA2D89360}.Debug|anycpu.ActiveCfg = Debug|anycpu
		{9D88D977-D07D-4C88-9BBB-E0FAA2D89360}.Debug|anycpu.Build.0 = Debug|anycpu
		{9D88D977-D07D-4C88-9BBB-E0FAA2D89360}.Release|anycpu.ActiveCfg = Release|anycpu
		{9D88D977-D07D-4C88-9BBB-E0FAA2D89360}.Release|anycpu.Build.0 = Release|anycpu
	EndGlobalSection
	GlobalSection(SolutionProperties) = preSolution
		HideSolutionNode = FALSE
	EndGlobalSection
	GlobalSection(ExtensibilityGlobals) = postSolution
		SolutionGuid = {2C0494F9-0B9C-41F0-B512-A678BCC42915}
	EndGlobalSection
EndGlobal
